
Microsoft Visual Studio Solution File, Format Version 12.00
# Visual Studio Version 17
VisualStudioVersion = 17.7.34009.444
MinimumVisualStudioVersion = 10.0.40219.1
Project("{FAE04EC0-301F-11D3-BF4B-00C04F79EFBC}") = "Lab_3_C", "Lab_3_C.csproj", "{907EC7EA-680C-475D-9FA7-ED00974F8902}"
EndProject
Global
	GlobalSection(SolutionConfigurationPlatforms) = preSolution
		Debug|Any CPU = Debug|Any CPU
		Release|Any CPU = Release|Any CPU
	EndGlobalSection
	GlobalSection(ProjectConfigurationPlatforms) = postSolution
		{907EC7EA-680C-475D-9FA7-ED00974F8902}.Debug|Any CPU.ActiveCfg = Debug|Any CPU
		{907EC7EA-680C-475D-9FA7-ED00974F8902}.Debug|Any CPU.Build.0 = Debug|Any CPU
		{907EC7EA-680C-475D-9FA7-ED00974F8902}.Release|Any CPU.ActiveCfg = Release|Any CPU
		{907EC7EA-680C-475D-9FA7-ED00974F8902}.Release|Any CPU.Build.0 = Release|Any CPU
	EndGlobalSection
	GlobalSection(SolutionProperties) = preSolution
		HideSolutionNode = FALSE
	EndGlobalSection
	GlobalSection(ExtensibilityGlobals) = postSolution
		SolutionGuid = {B39943EE-E97F-4E64-95CB-2203FA5C18F9}
	EndGlobalSection
EndGlobal
